
Microsoft Visual Studio Solution File, Format Version 12.00
# Visual Studio Version 17
VisualStudioVersion = 17.4.33403.182
MinimumVisualStudioVersion = 10.0.40219.1
Project("{FAE04EC0-301F-11D3-BF4B-00C04F79EFBC}") = "MarsRobot.Tests", "MarsRobot.Tests\MarsRobot.Tests.csproj", "{2E5DD300-7579-4550-966C-CE74D20CADC2}"
EndProject
Project("{FAE04EC0-301F-11D3-BF4B-00C04F79EFBC}") = "MarsRobot.App", "MarsRobot.App\MarsRobot.App.csproj", "{25DFC892-AA6F-4230-976A-4D6CD56C4196}"
EndProject
Global
	GlobalSection(SolutionConfigurationPlatforms) = preSolution
		Debug|Any CPU = Debug|Any CPU
		Release|Any CPU = Release|Any CPU
	EndGlobalSection
	GlobalSection(ProjectConfigurationPlatforms) = postSolution
		{2E5DD300-7579-4550-966C-CE74D20CADC2}.Debug|Any CPU.ActiveCfg = Debug|Any CPU
		{2E5DD300-7579-4550-966C-CE74D20CADC2}.Debug|Any CPU.Build.0 = Debug|Any CPU
		{2E5DD300-7579-4550-966C-CE74D20CADC2}.Release|Any CPU.ActiveCfg = Release|Any CPU
		{2E5DD300-7579-4550-966C-CE74D20CADC2}.Release|Any CPU.Build.0 = Release|Any CPU
		{25DFC892-AA6F-4230-976A-4D6CD56C4196}.Debug|Any CPU.ActiveCfg = Debug|Any CPU
		{25DFC892-AA6F-4230-976A-4D6CD56C4196}.Debug|Any CPU.Build.0 = Debug|Any CPU
		{25DFC892-AA6F-4230-976A-4D6CD56C4196}.Release|Any CPU.ActiveCfg = Release|Any CPU
		{25DFC892-AA6F-4230-976A-4D6CD56C4196}.Release|Any CPU.Build.0 = Release|Any CPU
	EndGlobalSection
	GlobalSection(SolutionProperties) = preSolution
		HideSolutionNode = FALSE
	EndGlobalSection
	GlobalSection(ExtensibilityGlobals) = postSolution
		SolutionGuid = {63E286EE-B58A-43E2-BB83-D618F8948ABE}
	EndGlobalSection
EndGlobal
